{
  "version": 4,
  "terraform_version": "1.1.2",
  "serial": 30,
  "lineage": "6b998e0e-82ef-a429-4f47-7d75bde8de1a",
  "outputs": {},
  "resources": [
    {
      "mode": "data",
      "type": "azurerm_resource_group",
      "name": "cnbate_resource_group",
      "provider": "provider[\"registry.terraform.io/hashicorp/azurerm\"]",
      "instances": [
        {
          "schema_version": 0,
          "attributes": {
            "id": "/subscriptions/8fa25555-0029-438a-b47c-ce75f4e64c74/resourceGroups/Web_Test_TF_RG",
            "location": "eastasia",
            "name": "Web_Test_TF_RG",
            "tags": {},
            "timeouts": null
          },
          "sensitive_attributes": []
        }
      ]
    },
    {
      "mode": "managed",
      "type": "azurerm_app_service",
      "name": "cnbate_app_service01",
      "provider": "provider[\"registry.terraform.io/hashicorp/azurerm\"]",
      "instances": [
        {
          "schema_version": 0,
          "attributes": {
            "app_service_plan_id": "/subscriptions/8fa25555-0029-438a-b47c-ce75f4e64c74/resourceGroups/Web_Test_TF_RG/providers/Microsoft.Web/serverfarms/cnbate_appserviceplan01",
            "app_settings": {
              "ASPNETCORE_ENVIRONMENT": "Production"
            },
            "auth_settings": [
              {
                "active_directory": [],
                "additional_login_params": {},
                "allowed_external_redirect_urls": [],
                "default_provider": "",
                "enabled": false,
                "facebook": [],
                "google": [],
                "issuer": "",
                "microsoft": [],
                "runtime_version": "",
                "token_refresh_extension_hours": 0,
                "token_store_enabled": false,
                "twitter": [],
                "unauthenticated_client_action": ""
              }
            ],
            "backup": [],
            "client_affinity_enabled": false,
            "client_cert_enabled": false,
            "client_cert_mode": "Required",
            "connection_string": [],
            "custom_domain_verification_id": "22CA40C570472057C1B6FA0E1A91A5BB5F83B14541A828264E59338E1D92E118",
            "default_site_hostname": "cnbateblogweb01.azurewebsites.net",
            "enabled": true,
            "https_only": false,
            "id": "/subscriptions/8fa25555-0029-438a-b47c-ce75f4e64c74/resourceGroups/Web_Test_TF_RG/providers/Microsoft.Web/sites/CnBateBlogWeb01",
            "identity": [],
            "key_vault_reference_identity_id": "SystemAssigned",
            "location": "eastasia",
            "logs": [
              {
                "application_logs": [
                  {
                    "azure_blob_storage": [],
                    "file_system_level": "Off"
                  }
                ],
                "detailed_error_messages_enabled": false,
                "failed_request_tracing_enabled": false,
                "http_logs": [
                  {
                    "azure_blob_storage": [],
                    "file_system": []
                  }
                ]
              }
            ],
            "name": "CnBateBlogWeb01",
            "outbound_ip_address_list": [
              "13.75.34.175",
              "168.63.220.81",
              "207.46.136.220",
              "168.63.210.90",
              "23.101.15.21"
            ],
            "outbound_ip_addresses": "13.75.34.175,168.63.220.81,207.46.136.220,168.63.210.90,23.101.15.21",
            "possible_outbound_ip_address_list": [
              "13.75.34.175",
              "168.63.220.81",
              "207.46.136.220",
              "168.63.210.90",
              "23.101.15.21",
              "23.101.7.253",
              "207.46.136.152",
              "65.52.180.140",
              "23.101.13.231",
              "23.101.3.51"
            ],
            "possible_outbound_ip_addresses": "13.75.34.175,168.63.220.81,207.46.136.220,168.63.210.90,23.101.15.21,23.101.7.253,207.46.136.152,65.52.180.140,23.101.13.231,23.101.3.51",
            "resource_group_name": "Web_Test_TF_RG",
            "site_config": [
              {
                "acr_use_managed_identity_credentials": false,
                "acr_user_managed_identity_client_id": "",
                "always_on": false,
                "app_command_line": "",
                "auto_swap_slot_name": "",
                "cors": [],
                "default_documents": [
                  "Default.htm",
                  "Default.html",
                  "Default.asp",
                  "index.htm",
                  "index.html",
                  "iisstart.htm",
                  "default.aspx",
                  "index.php",
                  "hostingstart.html"
                ],
                "dotnet_framework_version": "v4.0",
                "ftps_state": "AllAllowed",
                "health_check_path": "",
                "http2_enabled": false,
                "ip_restriction": [],
                "java_container": "",
                "java_container_version": "",
                "java_version": "",
                "linux_fx_version": "",
                "local_mysql_enabled": false,
                "managed_pipeline_mode": "Integrated",
                "min_tls_version": "1.2",
                "number_of_workers": 1,
                "php_version": "5.6",
                "python_version": "",
                "remote_debugging_enabled": false,
                "remote_debugging_version": "",
                "scm_ip_restriction": [],
                "scm_type": "None",
                "scm_use_main_ip_restriction": false,
                "use_32_bit_worker_process": true,
                "vnet_route_all_enabled": false,
                "websockets_enabled": false,
                "windows_fx_version": ""
              }
            ],
            "site_credential": [
              {
                "password": "4CJyDmMqipjxjc9dfTWsaMmJ0NAYiRTbeWakwk1aRnvCr3lKTuKeQShuaTNp",
                "username": "$CnBateBlogWeb01"
              }
            ],
            "source_control": [
              {
                "branch": "master",
                "manual_integration": false,
                "repo_url": "",
                "rollback_enabled": false,
                "use_mercurial": false
              }
            ],
            "storage_account": [],
            "tags": null,
            "timeouts": null
          },
          "sensitive_attributes": [],
          "private": "eyJlMmJmYjczMC1lY2FhLTExZTYtOGY4OC0zNDM2M2JjN2M0YzAiOnsiY3JlYXRlIjoxODAwMDAwMDAwMDAwLCJkZWxldGUiOjE4MDAwMDAwMDAwMDAsInJlYWQiOjMwMDAwMDAwMDAwMCwidXBkYXRlIjoxODAwMDAwMDAwMDAwfX0=",
          "dependencies": [
            "azurerm_app_service_plan.cnbate_app_service_plan01",
            "data.azurerm_resource_group.cnbate_resource_group"
          ]
        }
      ]
    },
    {
      "mode": "managed",
      "type": "azurerm_app_service",
      "name": "cnbate_app_service02",
      "provider": "provider[\"registry.terraform.io/hashicorp/azurerm\"]",
      "instances": [
        {
          "schema_version": 0,
          "attributes": {
            "app_service_plan_id": "/subscriptions/8fa25555-0029-438a-b47c-ce75f4e64c74/resourceGroups/Web_Test_TF_RG/providers/Microsoft.Web/serverfarms/cnbate_appserviceplan02",
            "app_settings": {
              "ASPNETCORE_ENVIRONMENT": "Production"
            },
            "auth_settings": [
              {
                "active_directory": [],
                "additional_login_params": {},
                "allowed_external_redirect_urls": [],
                "default_provider": "",
                "enabled": false,
                "facebook": [],
                "google": [],
                "issuer": "",
                "microsoft": [],
                "runtime_version": "",
                "token_refresh_extension_hours": 0,
                "token_store_enabled": false,
                "twitter": [],
                "unauthenticated_client_action": ""
              }
            ],
            "backup": [],
            "client_affinity_enabled": false,
            "client_cert_enabled": false,
            "client_cert_mode": "Required",
            "connection_string": [],
            "custom_domain_verification_id": "22CA40C570472057C1B6FA0E1A91A5BB5F83B14541A828264E59338E1D92E118",
            "default_site_hostname": "cnbateblogweb02.azurewebsites.net",
            "enabled": true,
            "https_only": false,
            "id": "/subscriptions/8fa25555-0029-438a-b47c-ce75f4e64c74/resourceGroups/Web_Test_TF_RG/providers/Microsoft.Web/sites/CnBateBlogWeb02",
            "identity": [],
            "key_vault_reference_identity_id": "SystemAssigned",
            "location": "koreacentral",
            "logs": [
              {
                "application_logs": [
                  {
                    "azure_blob_storage": [],
                    "file_system_level": "Off"
                  }
                ],
                "detailed_error_messages_enabled": false,
                "failed_request_tracing_enabled": false,
                "http_logs": [
                  {
                    "azure_blob_storage": [],
                    "file_system": []
                  }
                ]
              }
            ],
            "name": "CnBateBlogWeb02",
            "outbound_ip_address_list": [
              "52.231.77.58",
              "52.231.73.183",
              "52.231.71.204",
              "52.231.66.104",
              "52.231.77.171"
            ],
            "outbound_ip_addresses": "52.231.77.58,52.231.73.183,52.231.71.204,52.231.66.104,52.231.77.171",
            "possible_outbound_ip_address_list": [
              "52.231.77.58",
              "52.231.73.183",
              "52.231.71.204",
              "52.231.66.104",
              "52.231.77.171",
              "52.231.69.238",
              "52.231.78.172",
              "52.231.69.251"
            ],
            "possible_outbound_ip_addresses": "52.231.77.58,52.231.73.183,52.231.71.204,52.231.66.104,52.231.77.171,52.231.69.238,52.231.78.172,52.231.69.251",
            "resource_group_name": "Web_Test_TF_RG",
            "site_config": [
              {
                "acr_use_managed_identity_credentials": false,
                "acr_user_managed_identity_client_id": "",
                "always_on": false,
                "app_command_line": "",
                "auto_swap_slot_name": "",
                "cors": [],
                "default_documents": [
                  "Default.htm",
                  "Default.html",
                  "Default.asp",
                  "index.htm",
                  "index.html",
                  "iisstart.htm",
                  "default.aspx",
                  "index.php",
                  "hostingstart.html"
                ],
                "dotnet_framework_version": "v4.0",
                "ftps_state": "AllAllowed",
                "health_check_path": "",
                "http2_enabled": false,
                "ip_restriction": [],
                "java_container": "",
                "java_container_version": "",
                "java_version": "",
                "linux_fx_version": "",
                "local_mysql_enabled": false,
                "managed_pipeline_mode": "Integrated",
                "min_tls_version": "1.2",
                "number_of_workers": 1,
                "php_version": "5.6",
                "python_version": "",
                "remote_debugging_enabled": false,
                "remote_debugging_version": "",
                "scm_ip_restriction": [],
                "scm_type": "None",
                "scm_use_main_ip_restriction": false,
                "use_32_bit_worker_process": true,
                "vnet_route_all_enabled": false,
                "websockets_enabled": false,
                "windows_fx_version": ""
              }
            ],
            "site_credential": [
              {
                "password": "TcAk4mKHgkXgqB9hi5lpQDzcipwAyqmwkgjfZgpAftYdZrTLmbjY2Heu7WNs",
                "username": "$CnBateBlogWeb02"
              }
            ],
            "source_control": [
              {
                "branch": "master",
                "manual_integration": false,
                "repo_url": "",
                "rollback_enabled": false,
                "use_mercurial": false
              }
            ],
            "storage_account": [],
            "tags": null,
            "timeouts": null
          },
          "sensitive_attributes": [],
          "private": "eyJlMmJmYjczMC1lY2FhLTExZTYtOGY4OC0zNDM2M2JjN2M0YzAiOnsiY3JlYXRlIjoxODAwMDAwMDAwMDAwLCJkZWxldGUiOjE4MDAwMDAwMDAwMDAsInJlYWQiOjMwMDAwMDAwMDAwMCwidXBkYXRlIjoxODAwMDAwMDAwMDAwfX0=",
          "dependencies": [
            "azurerm_app_service_plan.cnbate_app_service_plan02",
            "data.azurerm_resource_group.cnbate_resource_group"
          ]
        }
      ]
    },
    {
      "mode": "managed",
      "type": "azurerm_app_service_plan",
      "name": "cnbate_app_service_plan01",
      "provider": "provider[\"registry.terraform.io/hashicorp/azurerm\"]",
      "instances": [
        {
          "schema_version": 0,
          "attributes": {
            "app_service_environment_id": "",
            "id": "/subscriptions/8fa25555-0029-438a-b47c-ce75f4e64c74/resourceGroups/Web_Test_TF_RG/providers/Microsoft.Web/serverfarms/cnbate_appserviceplan01",
            "is_xenon": false,
            "kind": "Windows",
            "location": "eastasia",
            "maximum_elastic_worker_count": 1,
            "maximum_number_of_workers": 10,
            "name": "cnbate_appserviceplan01",
            "per_site_scaling": false,
            "reserved": false,
            "resource_group_name": "Web_Test_TF_RG",
            "sku": [
              {
                "capacity": 1,
                "size": "S1",
                "tier": "Standard"
              }
            ],
            "tags": null,
            "timeouts": null,
            "zone_redundant": false
          },
          "sensitive_attributes": [],
          "private": "eyJlMmJmYjczMC1lY2FhLTExZTYtOGY4OC0zNDM2M2JjN2M0YzAiOnsiY3JlYXRlIjozNjAwMDAwMDAwMDAwLCJkZWxldGUiOjM2MDAwMDAwMDAwMDAsInJlYWQiOjMwMDAwMDAwMDAwMCwidXBkYXRlIjozNjAwMDAwMDAwMDAwfX0=",
          "dependencies": [
            "data.azurerm_resource_group.cnbate_resource_group"
          ]
        }
      ]
    },
    {
      "mode": "managed",
      "type": "azurerm_app_service_plan",
      "name": "cnbate_app_service_plan02",
      "provider": "provider[\"registry.terraform.io/hashicorp/azurerm\"]",
      "instances": [
        {
          "schema_version": 0,
          "attributes": {
            "app_service_environment_id": "",
            "id": "/subscriptions/8fa25555-0029-438a-b47c-ce75f4e64c74/resourceGroups/Web_Test_TF_RG/providers/Microsoft.Web/serverfarms/cnbate_appserviceplan02",
            "is_xenon": false,
            "kind": "Windows",
            "location": "koreacentral",
            "maximum_elastic_worker_count": 1,
            "maximum_number_of_workers": 10,
            "name": "cnbate_appserviceplan02",
            "per_site_scaling": false,
            "reserved": false,
            "resource_group_name": "Web_Test_TF_RG",
            "sku": [
              {
                "capacity": 1,
                "size": "S1",
                "tier": "Standard"
              }
            ],
            "tags": null,
            "timeouts": null,
            "zone_redundant": false
          },
          "sensitive_attributes": [],
          "private": "eyJlMmJmYjczMC1lY2FhLTExZTYtOGY4OC0zNDM2M2JjN2M0YzAiOnsiY3JlYXRlIjozNjAwMDAwMDAwMDAwLCJkZWxldGUiOjM2MDAwMDAwMDAwMDAsInJlYWQiOjMwMDAwMDAwMDAwMCwidXBkYXRlIjozNjAwMDAwMDAwMDAwfX0=",
          "dependencies": [
            "data.azurerm_resource_group.cnbate_resource_group"
          ]
        }
      ]
    },
    {
      "mode": "managed",
      "type": "azurerm_traffic_manager_endpoint",
      "name": "cnbate_traffic_manager_endpoint01",
      "provider": "provider[\"registry.terraform.io/hashicorp/azurerm\"]",
      "instances": [
        {
          "schema_version": 0,
          "attributes": {
            "custom_header": [],
            "endpoint_location": "East Asia",
            "endpoint_monitor_status": "CheckingEndpoint",
            "endpoint_status": "Enabled",
            "geo_mappings": [
              "CN"
            ],
            "id": "/subscriptions/8fa25555-0029-438a-b47c-ce75f4e64c74/resourceGroups/Web_Test_TF_RG/providers/Microsoft.Network/trafficManagerProfiles/cnbateblogweb/azureEndpoints/cnbateblogweb_webapp01_performance",
            "min_child_endpoints": 0,
            "minimum_required_child_endpoints_ipv4": 0,
            "minimum_required_child_endpoints_ipv6": 0,
            "name": "cnbateblogweb_webapp01_performance",
            "priority": 1,
            "profile_name": "cnbateblogweb",
            "resource_group_name": "Web_Test_TF_RG",
            "subnet": [],
            "target": "cnbateblogweb01.azurewebsites.net",
            "target_resource_id": "/subscriptions/8fa25555-0029-438a-b47c-ce75f4e64c74/resourceGroups/Web_Test_TF_RG/providers/Microsoft.Web/sites/CnBateBlogWeb01",
            "timeouts": null,
            "type": "azureEndpoints",
            "weight": 1
          },
          "sensitive_attributes": [],
          "private": "eyJlMmJmYjczMC1lY2FhLTExZTYtOGY4OC0zNDM2M2JjN2M0YzAiOnsiY3JlYXRlIjoxODAwMDAwMDAwMDAwLCJkZWxldGUiOjE4MDAwMDAwMDAwMDAsInJlYWQiOjMwMDAwMDAwMDAwMCwidXBkYXRlIjoxODAwMDAwMDAwMDAwfX0=",
          "dependencies": [
            "azurerm_app_service.cnbate_app_service01",
            "azurerm_app_service_plan.cnbate_app_service_plan01",
            "azurerm_traffic_manager_profile.cnbate_traffic_manager_profile",
            "data.azurerm_resource_group.cnbate_resource_group"
          ]
        }
      ]
    },
    {
      "mode": "managed",
      "type": "azurerm_traffic_manager_endpoint",
      "name": "cnbate_traffic_manager_endpoint02",
      "provider": "provider[\"registry.terraform.io/hashicorp/azurerm\"]",
      "instances": [
        {
          "schema_version": 0,
          "attributes": {
            "custom_header": [],
            "endpoint_location": "Korea Central",
            "endpoint_monitor_status": "CheckingEndpoint",
            "endpoint_status": "Enabled",
            "geo_mappings": [
              "KR"
            ],
            "id": "/subscriptions/8fa25555-0029-438a-b47c-ce75f4e64c74/resourceGroups/Web_Test_TF_RG/providers/Microsoft.Network/trafficManagerProfiles/cnbateblogweb/azureEndpoints/cnbateblogweb_webapp02_performance",
            "min_child_endpoints": 0,
            "minimum_required_child_endpoints_ipv4": 0,
            "minimum_required_child_endpoints_ipv6": 0,
            "name": "cnbateblogweb_webapp02_performance",
            "priority": 2,
            "profile_name": "cnbateblogweb",
            "resource_group_name": "Web_Test_TF_RG",
            "subnet": [],
            "target": "cnbateblogweb02.azurewebsites.net",
            "target_resource_id": "/subscriptions/8fa25555-0029-438a-b47c-ce75f4e64c74/resourceGroups/Web_Test_TF_RG/providers/Microsoft.Web/sites/CnBateBlogWeb02",
            "timeouts": null,
            "type": "azureEndpoints",
            "weight": 1
          },
          "sensitive_attributes": [],
          "private": "eyJlMmJmYjczMC1lY2FhLTExZTYtOGY4OC0zNDM2M2JjN2M0YzAiOnsiY3JlYXRlIjoxODAwMDAwMDAwMDAwLCJkZWxldGUiOjE4MDAwMDAwMDAwMDAsInJlYWQiOjMwMDAwMDAwMDAwMCwidXBkYXRlIjoxODAwMDAwMDAwMDAwfX0=",
          "dependencies": [
            "azurerm_app_service.cnbate_app_service02",
            "azurerm_app_service_plan.cnbate_app_service_plan02",
            "azurerm_traffic_manager_profile.cnbate_traffic_manager_profile",
            "data.azurerm_resource_group.cnbate_resource_group"
          ]
        }
      ]
    },
    {
      "mode": "managed",
      "type": "azurerm_traffic_manager_profile",
      "name": "cnbate_traffic_manager_profile",
      "provider": "provider[\"registry.terraform.io/hashicorp/azurerm\"]",
      "instances": [
        {
          "schema_version": 0,
          "attributes": {
            "dns_config": [
              {
                "relative_name": "cnbateblogweb",
                "ttl": 60
              }
            ],
            "fqdn": "cnbateblogweb.trafficmanager.net",
            "id": "/subscriptions/8fa25555-0029-438a-b47c-ce75f4e64c74/resourceGroups/Web_Test_TF_RG/providers/Microsoft.Network/trafficManagerProfiles/cnbateblogweb",
            "max_return": 0,
            "monitor_config": [
              {
                "custom_header": [],
                "expected_status_code_ranges": null,
                "interval_in_seconds": 30,
                "path": "/",
                "port": 80,
                "protocol": "HTTP",
                "timeout_in_seconds": 10,
                "tolerated_number_of_failures": 3
              }
            ],
            "name": "cnbateblogweb",
            "profile_status": "Enabled",
            "resource_group_name": "Web_Test_TF_RG",
            "tags": {
              "Environment": "Production"
            },
            "timeouts": null,
            "traffic_routing_method": "Geographic",
            "traffic_view_enabled": false
          },
          "sensitive_attributes": [],
          "private": "eyJlMmJmYjczMC1lY2FhLTExZTYtOGY4OC0zNDM2M2JjN2M0YzAiOnsiY3JlYXRlIjoxODAwMDAwMDAwMDAwLCJkZWxldGUiOjE4MDAwMDAwMDAwMDAsInJlYWQiOjMwMDAwMDAwMDAwMCwidXBkYXRlIjoxODAwMDAwMDAwMDAwfX0=",
          "dependencies": [
            "data.azurerm_resource_group.cnbate_resource_group"
          ]
        }
      ]
    }
  ]
}
